
Microsoft Visual Studio Solution File, Format Version 12.00
# Visual Studio Version 17
VisualStudioVersion = 17.7.34031.279
MinimumVisualStudioVersion = 10.0.40219.1
Project("{FAE04EC0-301F-11D3-BF4B-00C04F79EFBC}") = "RenameProject", "RenameProject.csproj", "{ACACD006-FD09-418C-8FF7-98B96E21AD6D}"
EndProject
Global
	GlobalSection(SolutionConfigurationPlatforms) = preSolution
		Debug|Any CPU = Debug|Any CPU
		Release|Any CPU = Release|Any CPU
	EndGlobalSection
	GlobalSection(ProjectConfigurationPlatforms) = postSolution
		{ACACD006-FD09-418C-8FF7-98B96E21AD6D}.Debug|Any CPU.ActiveCfg = Debug|Any CPU
		{ACACD006-FD09-418C-8FF7-98B96E21AD6D}.Debug|Any CPU.Build.0 = Debug|Any CPU
		{ACACD006-FD09-418C-8FF7-98B96E21AD6D}.Release|Any CPU.ActiveCfg = Release|Any CPU
		{ACACD006-FD09-418C-8FF7-98B96E21AD6D}.Release|Any CPU.Build.0 = Release|Any CPU
	EndGlobalSection
	GlobalSection(SolutionProperties) = preSolution
		HideSolutionNode = FALSE
	EndGlobalSection
	GlobalSection(ExtensibilityGlobals) = postSolution
		SolutionGuid = {3AF9DCC7-69AD-446C-99A7-A276423A4574}
	EndGlobalSection
EndGlobal
